
Microsoft Visual Studio Solution File, Format Version 12.00
# Visual Studio Version 16
VisualStudioVersion = 16.0.31515.178
MinimumVisualStudioVersion = 10.0.40219.1
Project("{2150E333-8FDC-42A3-9474-1A3956D46DE8}") = "Server", "Server", "{AFEF8E0A-38E2-4212-9EC4-1854144393BB}"
EndProject
Project("{2150E333-8FDC-42A3-9474-1A3956D46DE8}") = "1.Start", "1.Start", "{B64D7E8C-B2CA-4772-B25D-58DED753D2CC}"
EndProject
Project("{9A19103F-16F7-4668-BE54-9A1E7A4F7556}") = "SmartParking.Server.Start", "Server\SmartParking.Start\SmartParking.Server.Start.csproj", "{7E9B0ECF-92D6-4167-9911-13063AB1360B}"
EndProject
Project("{2150E333-8FDC-42A3-9474-1A3956D46DE8}") = "3.DAL", "3.DAL", "{575445FE-2864-43BF-A7CB-CEAD2DDE9857}"
EndProject
Project("{9A19103F-16F7-4668-BE54-9A1E7A4F7556}") = "SmartParking.Server.EFCore", "Server\SmartParking.Server.EFCore\SmartParking.Server.EFCore.csproj", "{FBBB1803-1A12-4BA8-BAE0-C28A41EECA59}"
EndProject
Project("{2150E333-8FDC-42A3-9474-1A3956D46DE8}") = "4.Common", "4.Common", "{669F9E78-D531-404D-BA73-BFF67E6B4C56}"
EndProject
Project("{9A19103F-16F7-4668-BE54-9A1E7A4F7556}") = "SmartParking.Server.Models", "Server\SmartParking.Server.Models\SmartParking.Server.Models.csproj", "{A303F784-5A72-44A0-819A-948F1800BFFB}"
EndProject
Project("{9A19103F-16F7-4668-BE54-9A1E7A4F7556}") = "SmartParking.Server.Configuration", "Server\SmartParking.Server.Configuration\SmartParking.Server.Configuration.csproj", "{775BB7B5-E19B-4489-8764-378FE648F191}"
EndProject
Project("{9A19103F-16F7-4668-BE54-9A1E7A4F7556}") = "SmartParking.Server.Service", "Server\SmartParking.Server.Service\SmartParking.Server.Service.csproj", "{C6BEF820-80C4-48EA-B69B-AE7D44408B37}"
EndProject
Project("{2150E333-8FDC-42A3-9474-1A3956D46DE8}") = "2.Service", "2.Service", "{66ECA2DA-DA28-4549-97F4-68F2A31D3120}"
EndProject
Project("{9A19103F-16F7-4668-BE54-9A1E7A4F7556}") = "SmartParking.Server.IService", "Server\SmartParking.Server.IService\SmartParking.Server.IService.csproj", "{BA0AEDF9-D071-4FFB-91E2-62A6FC5813F3}"
EndProject
Project("{2150E333-8FDC-42A3-9474-1A3956D46DE8}") = "Client", "Client", "{DC8D8E90-F6F8-4EE8-AB71-BB44171D3EAB}"
EndProject
Project("{2150E333-8FDC-42A3-9474-1A3956D46DE8}") = "1.Start", "1.Start", "{7997E243-0E69-42EE-B07E-216BB4F9F5CB}"
EndProject
Project("{9A19103F-16F7-4668-BE54-9A1E7A4F7556}") = "SmartParking.Client.Start", "Client\SmartParking.Client.Start\SmartParking.Client.Start.csproj", "{50594AF8-47DC-433A-87A1-AB9A3AFB9BFA}"
EndProject
Project("{2150E333-8FDC-42A3-9474-1A3956D46DE8}") = "6.Common", "6.Common", "{207FF5C7-DAE4-44D2-8239-91D166DDAE64}"
EndProject
Project("{9A19103F-16F7-4668-BE54-9A1E7A4F7556}") = "SmartParking.Client.Common", "Client\SmartParking.Client.Common\SmartParking.Client.Common.csproj", "{48294D2B-3492-4323-ACB7-34622B5DADC3}"
EndProject
Project("{2150E333-8FDC-42A3-9474-1A3956D46DE8}") = "4.DAL", "4.DAL", "{9A79F1C0-AD0E-4050-9ACC-5914EDB56003}"
EndProject
Project("{9A19103F-16F7-4668-BE54-9A1E7A4F7556}") = "SmartParking.Client.DAL", "Client\SmartParking.Client.DAL\SmartParking.Client.DAL.csproj", "{2547BA7C-1BFD-491A-8B38-6ED2E7CFC76E}"
EndProject
Project("{2150E333-8FDC-42A3-9474-1A3956D46DE8}") = "3.BLL", "3.BLL", "{4EE009F9-97AE-47CF-8E49-A0386EF78BF4}"
EndProject
Project("{9A19103F-16F7-4668-BE54-9A1E7A4F7556}") = "SmartParking.Client.BLL", "Client\SmartParking.Client.BLL\SmartParking.Client.BLL.csproj", "{F69E9536-E5EE-4E4D-8F01-9D638E420636}"
EndProject
Project("{2150E333-8FDC-42A3-9474-1A3956D46DE8}") = "5.Entity", "5.Entity", "{F2BCB4DB-FA76-4E41-A5F1-8C0C94968D1C}"
EndProject
Project("{9A19103F-16F7-4668-BE54-9A1E7A4F7556}") = "SmartParking.Client.Entity", "Client\SmartParking.Client.Entity\SmartParking.Client.Entity.csproj", "{0EB3D2BA-2386-4F9C-B5F2-F62A3519EF45}"
EndProject
Project("{9A19103F-16F7-4668-BE54-9A1E7A4F7556}") = "SmartParking.Client.Assets", "Client\SmartParking.Client.Assets\SmartParking.Client.Assets.csproj", "{C1FC64D5-08DC-48B0-B077-B16480FD3C7F}"
EndProject
Project("{2150E333-8FDC-42A3-9474-1A3956D46DE8}") = "2.Module", "2.Module", "{4A195641-87D5-4903-BADB-B56E62133C14}"
EndProject
Project("{9A19103F-16F7-4668-BE54-9A1E7A4F7556}") = "SmartParking.Client.MainModule", "Client\SmartParking.Client.MainModule\SmartParking.Client.MainModule.csproj", "{2730D874-D930-4DB0-9207-A0BB7775A8D2}"
EndProject
Global
	GlobalSection(SolutionConfigurationPlatforms) = preSolution
		Debug|Any CPU = Debug|Any CPU
		Release|Any CPU = Release|Any CPU
	EndGlobalSection
	GlobalSection(ProjectConfigurationPlatforms) = postSolution
		{7E9B0ECF-92D6-4167-9911-13063AB1360B}.Debug|Any CPU.ActiveCfg = Debug|Any CPU
		{7E9B0ECF-92D6-4167-9911-13063AB1360B}.Debug|Any CPU.Build.0 = Debug|Any CPU
		{7E9B0ECF-92D6-4167-9911-13063AB1360B}.Release|Any CPU.ActiveCfg = Release|Any CPU
		{7E9B0ECF-92D6-4167-9911-13063AB1360B}.Release|Any CPU.Build.0 = Release|Any CPU
		{FBBB1803-1A12-4BA8-BAE0-C28A41EECA59}.Debug|Any CPU.ActiveCfg = Debug|Any CPU
		{FBBB1803-1A12-4BA8-BAE0-C28A41EECA59}.Debug|Any CPU.Build.0 = Debug|Any CPU
		{FBBB1803-1A12-4BA8-BAE0-C28A41EECA59}.Release|Any CPU.ActiveCfg = Release|Any CPU
		{FBBB1803-1A12-4BA8-BAE0-C28A41EECA59}.Release|Any CPU.Build.0 = Release|Any CPU
		{A303F784-5A72-44A0-819A-948F1800BFFB}.Debug|Any CPU.ActiveCfg = Debug|Any CPU
		{A303F784-5A72-44A0-819A-948F1800BFFB}.Debug|Any CPU.Build.0 = Debug|Any CPU
		{A303F784-5A72-44A0-819A-948F1800BFFB}.Release|Any CPU.ActiveCfg = Release|Any CPU
		{A303F784-5A72-44A0-819A-948F1800BFFB}.Release|Any CPU.Build.0 = Release|Any CPU
		{775BB7B5-E19B-4489-8764-378FE648F191}.Debug|Any CPU.ActiveCfg = Debug|Any CPU
		{775BB7B5-E19B-4489-8764-378FE648F191}.Debug|Any CPU.Build.0 = Debug|Any CPU
		{775BB7B5-E19B-4489-8764-378FE648F191}.Release|Any CPU.ActiveCfg = Release|Any CPU
		{775BB7B5-E19B-4489-8764-378FE648F191}.Release|Any CPU.Build.0 = Release|Any CPU
		{C6BEF820-80C4-48EA-B69B-AE7D44408B37}.Debug|Any CPU.ActiveCfg = Debug|Any CPU
		{C6BEF820-80C4-48EA-B69B-AE7D44408B37}.Debug|Any CPU.Build.0 = Debug|Any CPU
		{C6BEF820-80C4-48EA-B69B-AE7D44408B37}.Release|Any CPU.ActiveCfg = Release|Any CPU
		{C6BEF820-80C4-48EA-B69B-AE7D44408B37}.Release|Any CPU.Build.0 = Release|Any CPU
		{BA0AEDF9-D071-4FFB-91E2-62A6FC5813F3}.Debug|Any CPU.ActiveCfg = Debug|Any CPU
		{BA0AEDF9-D071-4FFB-91E2-62A6FC5813F3}.Debug|Any CPU.Build.0 = Debug|Any CPU
		{BA0AEDF9-D071-4FFB-91E2-62A6FC5813F3}.Release|Any CPU.ActiveCfg = Release|Any CPU
		{BA0AEDF9-D071-4FFB-91E2-62A6FC5813F3}.Release|Any CPU.Build.0 = Release|Any CPU
		{50594AF8-47DC-433A-87A1-AB9A3AFB9BFA}.Debug|Any CPU.ActiveCfg = Debug|Any CPU
		{50594AF8-47DC-433A-87A1-AB9A3AFB9BFA}.Debug|Any CPU.Build.0 = Debug|Any CPU
		{50594AF8-47DC-433A-87A1-AB9A3AFB9BFA}.Release|Any CPU.ActiveCfg = Release|Any CPU
		{50594AF8-47DC-433A-87A1-AB9A3AFB9BFA}.Release|Any CPU.Build.0 = Release|Any CPU
		{48294D2B-3492-4323-ACB7-34622B5DADC3}.Debug|Any CPU.ActiveCfg = Debug|Any CPU
		{48294D2B-3492-4323-ACB7-34622B5DADC3}.Debug|Any CPU.Build.0 = Debug|Any CPU
		{48294D2B-3492-4323-ACB7-34622B5DADC3}.Release|Any CPU.ActiveCfg = Release|Any CPU
		{48294D2B-3492-4323-ACB7-34622B5DADC3}.Release|Any CPU.Build.0 = Release|Any CPU
		{2547BA7C-1BFD-491A-8B38-6ED2E7CFC76E}.Debug|Any CPU.ActiveCfg = Debug|Any CPU
		{2547BA7C-1BFD-491A-8B38-6ED2E7CFC76E}.Debug|Any CPU.Build.0 = Debug|Any CPU
		{2547BA7C-1BFD-491A-8B38-6ED2E7CFC76E}.Release|Any CPU.ActiveCfg = Release|Any CPU
		{2547BA7C-1BFD-491A-8B38-6ED2E7CFC76E}.Release|Any CPU.Build.0 = Release|Any CPU
		{F69E9536-E5EE-4E4D-8F01-9D638E420636}.Debug|Any CPU.ActiveCfg = Debug|Any CPU
		{F69E9536-E5EE-4E4D-8F01-9D638E420636}.Debug|Any CPU.Build.0 = Debug|Any CPU
		{F69E9536-E5EE-4E4D-8F01-9D638E420636}.Release|Any CPU.ActiveCfg = Release|Any CPU
		{F69E9536-E5EE-4E4D-8F01-9D638E420636}.Release|Any CPU.Build.0 = Release|Any CPU
		{0EB3D2BA-2386-4F9C-B5F2-F62A3519EF45}.Debug|Any CPU.ActiveCfg = Debug|Any CPU
		{0EB3D2BA-2386-4F9C-B5F2-F62A3519EF45}.Debug|Any CPU.Build.0 = Debug|Any CPU
		{0EB3D2BA-2386-4F9C-B5F2-F62A3519EF45}.Release|Any CPU.ActiveCfg = Release|Any CPU
		{0EB3D2BA-2386-4F9C-B5F2-F62A3519EF45}.Release|Any CPU.Build.0 = Release|Any CPU
		{C1FC64D5-08DC-48B0-B077-B16480FD3C7F}.Debug|Any CPU.ActiveCfg = Debug|Any CPU
		{C1FC64D5-08DC-48B0-B077-B16480FD3C7F}.Debug|Any CPU.Build.0 = Debug|Any CPU
		{C1FC64D5-08DC-48B0-B077-B16480FD3C7F}.Release|Any CPU.ActiveCfg = Release|Any CPU
		{C1FC64D5-08DC-48B0-B077-B16480FD3C7F}.Release|Any CPU.Build.0 = Release|Any CPU
		{2730D874-D930-4DB0-9207-A0BB7775A8D2}.Debug|Any CPU.ActiveCfg = Debug|Any CPU
		{2730D874-D930-4DB0-9207-A0BB7775A8D2}.Debug|Any CPU.Build.0 = Debug|Any CPU
		{2730D874-D930-4DB0-9207-A0BB7775A8D2}.Release|Any CPU.ActiveCfg = Release|Any CPU
		{2730D874-D930-4DB0-9207-A0BB7775A8D2}.Release|Any CPU.Build.0 = Release|Any CPU
	EndGlobalSection
	GlobalSection(SolutionProperties) = preSolution
		HideSolutionNode = FALSE
	EndGlobalSection
	GlobalSection(NestedProjects) = preSolution
		{B64D7E8C-B2CA-4772-B25D-58DED753D2CC} = {AFEF8E0A-38E2-4212-9EC4-1854144393BB}
		{7E9B0ECF-92D6-4167-9911-13063AB1360B} = {B64D7E8C-B2CA-4772-B25D-58DED753D2CC}
		{575445FE-2864-43BF-A7CB-CEAD2DDE9857} = {AFEF8E0A-38E2-4212-9EC4-1854144393BB}
		{FBBB1803-1A12-4BA8-BAE0-C28A41EECA59} = {575445FE-2864-43BF-A7CB-CEAD2DDE9857}
		{669F9E78-D531-404D-BA73-BFF67E6B4C56} = {AFEF8E0A-38E2-4212-9EC4-1854144393BB}
		{A303F784-5A72-44A0-819A-948F1800BFFB} = {669F9E78-D531-404D-BA73-BFF67E6B4C56}
		{775BB7B5-E19B-4489-8764-378FE648F191} = {669F9E78-D531-404D-BA73-BFF67E6B4C56}
		{C6BEF820-80C4-48EA-B69B-AE7D44408B37} = {66ECA2DA-DA28-4549-97F4-68F2A31D3120}
		{66ECA2DA-DA28-4549-97F4-68F2A31D3120} = {AFEF8E0A-38E2-4212-9EC4-1854144393BB}
		{BA0AEDF9-D071-4FFB-91E2-62A6FC5813F3} = {66ECA2DA-DA28-4549-97F4-68F2A31D3120}
		{7997E243-0E69-42EE-B07E-216BB4F9F5CB} = {DC8D8E90-F6F8-4EE8-AB71-BB44171D3EAB}
		{50594AF8-47DC-433A-87A1-AB9A3AFB9BFA} = {7997E243-0E69-42EE-B07E-216BB4F9F5CB}
		{207FF5C7-DAE4-44D2-8239-91D166DDAE64} = {DC8D8E90-F6F8-4EE8-AB71-BB44171D3EAB}
		{48294D2B-3492-4323-ACB7-34622B5DADC3} = {207FF5C7-DAE4-44D2-8239-91D166DDAE64}
		{9A79F1C0-AD0E-4050-9ACC-5914EDB56003} = {DC8D8E90-F6F8-4EE8-AB71-BB44171D3EAB}
		{2547BA7C-1BFD-491A-8B38-6ED2E7CFC76E} = {9A79F1C0-AD0E-4050-9ACC-5914EDB56003}
		{4EE009F9-97AE-47CF-8E49-A0386EF78BF4} = {DC8D8E90-F6F8-4EE8-AB71-BB44171D3EAB}
		{F69E9536-E5EE-4E4D-8F01-9D638E420636} = {4EE009F9-97AE-47CF-8E49-A0386EF78BF4}
		{F2BCB4DB-FA76-4E41-A5F1-8C0C94968D1C} = {DC8D8E90-F6F8-4EE8-AB71-BB44171D3EAB}
		{0EB3D2BA-2386-4F9C-B5F2-F62A3519EF45} = {F2BCB4DB-FA76-4E41-A5F1-8C0C94968D1C}
		{C1FC64D5-08DC-48B0-B077-B16480FD3C7F} = {207FF5C7-DAE4-44D2-8239-91D166DDAE64}
		{4A195641-87D5-4903-BADB-B56E62133C14} = {DC8D8E90-F6F8-4EE8-AB71-BB44171D3EAB}
		{2730D874-D930-4DB0-9207-A0BB7775A8D2} = {4A195641-87D5-4903-BADB-B56E62133C14}
	EndGlobalSection
	GlobalSection(ExtensibilityGlobals) = postSolution
		SolutionGuid = {3C23EC18-A4AA-4976-934C-CDCA53FF035E}
	EndGlobalSection
EndGlobal
