
Microsoft Visual Studio Solution File, Format Version 12.00
# Visual Studio Version 16
VisualStudioVersion = 16.0.31515.178
MinimumVisualStudioVersion = 10.0.40219.1
Project("{2150E333-8FDC-42A3-9474-1A3956D46DE8}") = "Server", "Server", "{AFEF8E0A-38E2-4212-9EC4-1854144393BB}"
EndProject
Project("{2150E333-8FDC-42A3-9474-1A3956D46DE8}") = "1.Start", "1.Start", "{B64D7E8C-B2CA-4772-B25D-58DED753D2CC}"
EndProject
Project("{9A19103F-16F7-4668-BE54-9A1E7A4F7556}") = "SmartParking.Start", "Server\SmartParking.Start\SmartParking.Start.csproj", "{7E9B0ECF-92D6-4167-9911-13063AB1360B}"
EndProject
Project("{2150E333-8FDC-42A3-9474-1A3956D46DE8}") = "3.DAL", "3.DAL", "{575445FE-2864-43BF-A7CB-CEAD2DDE9857}"
EndProject
Project("{FAE04EC0-301F-11D3-BF4B-00C04F79EFBC}") = "SmartParking.Server.EFCore", "Server\SmartParking.Server.EFCore\SmartParking.Server.EFCore.csproj", "{FBBB1803-1A12-4BA8-BAE0-C28A41EECA59}"
EndProject
Project("{2150E333-8FDC-42A3-9474-1A3956D46DE8}") = "4.Common", "4.Common", "{669F9E78-D531-404D-BA73-BFF67E6B4C56}"
EndProject
Project("{FAE04EC0-301F-11D3-BF4B-00C04F79EFBC}") = "SmartParking.Server.Models", "Server\SmartParking.Server.Models\SmartParking.Server.Models.csproj", "{A303F784-5A72-44A0-819A-948F1800BFFB}"
EndProject
Global
	GlobalSection(SolutionConfigurationPlatforms) = preSolution
		Debug|Any CPU = Debug|Any CPU
		Release|Any CPU = Release|Any CPU
	EndGlobalSection
	GlobalSection(ProjectConfigurationPlatforms) = postSolution
		{7E9B0ECF-92D6-4167-9911-13063AB1360B}.Debug|Any CPU.ActiveCfg = Debug|Any CPU
		{7E9B0ECF-92D6-4167-9911-13063AB1360B}.Debug|Any CPU.Build.0 = Debug|Any CPU
		{7E9B0ECF-92D6-4167-9911-13063AB1360B}.Release|Any CPU.ActiveCfg = Release|Any CPU
		{7E9B0ECF-92D6-4167-9911-13063AB1360B}.Release|Any CPU.Build.0 = Release|Any CPU
		{FBBB1803-1A12-4BA8-BAE0-C28A41EECA59}.Debug|Any CPU.ActiveCfg = Debug|Any CPU
		{FBBB1803-1A12-4BA8-BAE0-C28A41EECA59}.Debug|Any CPU.Build.0 = Debug|Any CPU
		{FBBB1803-1A12-4BA8-BAE0-C28A41EECA59}.Release|Any CPU.ActiveCfg = Release|Any CPU
		{FBBB1803-1A12-4BA8-BAE0-C28A41EECA59}.Release|Any CPU.Build.0 = Release|Any CPU
		{A303F784-5A72-44A0-819A-948F1800BFFB}.Debug|Any CPU.ActiveCfg = Debug|Any CPU
		{A303F784-5A72-44A0-819A-948F1800BFFB}.Debug|Any CPU.Build.0 = Debug|Any CPU
		{A303F784-5A72-44A0-819A-948F1800BFFB}.Release|Any CPU.ActiveCfg = Release|Any CPU
		{A303F784-5A72-44A0-819A-948F1800BFFB}.Release|Any CPU.Build.0 = Release|Any CPU
	EndGlobalSection
	GlobalSection(SolutionProperties) = preSolution
		HideSolutionNode = FALSE
	EndGlobalSection
	GlobalSection(NestedProjects) = preSolution
		{B64D7E8C-B2CA-4772-B25D-58DED753D2CC} = {AFEF8E0A-38E2-4212-9EC4-1854144393BB}
		{7E9B0ECF-92D6-4167-9911-13063AB1360B} = {B64D7E8C-B2CA-4772-B25D-58DED753D2CC}
		{575445FE-2864-43BF-A7CB-CEAD2DDE9857} = {AFEF8E0A-38E2-4212-9EC4-1854144393BB}
		{FBBB1803-1A12-4BA8-BAE0-C28A41EECA59} = {575445FE-2864-43BF-A7CB-CEAD2DDE9857}
		{669F9E78-D531-404D-BA73-BFF67E6B4C56} = {AFEF8E0A-38E2-4212-9EC4-1854144393BB}
		{A303F784-5A72-44A0-819A-948F1800BFFB} = {669F9E78-D531-404D-BA73-BFF67E6B4C56}
	EndGlobalSection
	GlobalSection(ExtensibilityGlobals) = postSolution
		SolutionGuid = {3C23EC18-A4AA-4976-934C-CDCA53FF035E}
	EndGlobalSection
EndGlobal
